// !$*UTF8*$!
{
	archiveVersion = 1;
	classes = {
	};
	objectVersion = 77;
	objects = {

/* Begin PBXBuildFile section */
		35C60AA22F2C2021002C86C0 /* Config.swift in Sources */ = {isa = PBXBuildFile; fileRef = 35BC2C542F2B972D00774EBA /* Config.swift */; };
		35C60AA42F2CA25B002C86C0 /* Config.swift in Sources */ = {isa = PBXBuildFile; fileRef = 35BC2C542F2B972D00774EBA /* Config.swift */; };
/* End PBXBuildFile section */

/* Begin PBXContainerItemProxy section */
		35C60A982F2C0B06002C86C0 /* PBXContainerItemProxy */ = {
			isa = PBXContainerItemProxy;
			containerPortal = 35BC2BDE2F2994B600774EBA /* Project object */;
			proxyType = 1;
			remoteGlobalIDString = 35C60A242F2C099E002C86C0;
			remoteInfo = Lume;
		};
		35C60A9A2F2C0B09002C86C0 /* PBXContainerItemProxy */ = {
			isa = PBXContainerItemProxy;
			containerPortal = 35BC2BDE2F2994B600774EBA /* Project object */;
			proxyType = 1;
			remoteGlobalIDString = 35C60A242F2C099E002C86C0;
			remoteInfo = Lume;
		};
/* End PBXContainerItemProxy section */

/* Begin PBXFileReference section */
		35BC2BF32F2994B700774EBA /* LumeTests.xctest */ = {isa = PBXFileReference; explicitFileType = wrapper.cfbundle; includeInIndex = 0; path = LumeTests.xctest; sourceTree = BUILT_PRODUCTS_DIR; };
		35BC2BFD2F2994B700774EBA /* LumeUITests.xctest */ = {isa = PBXFileReference; explicitFileType = wrapper.cfbundle; includeInIndex = 0; path = LumeUITests.xctest; sourceTree = BUILT_PRODUCTS_DIR; };
		35BC2C542F2B972D00774EBA /* Config.swift */ = {isa = PBXFileReference; lastKnownFileType = sourcecode.swift; path = Config.swift; sourceTree = "<group>"; };
		35BC2C562F2B973800774EBA /* .gitignore */ = {isa = PBXFileReference; lastKnownFileType = text; path = .gitignore; sourceTree = "<group>"; };
		35BC2C582F2B974000774EBA /* Secrets.xcconfig.template */ = {isa = PBXFileReference; lastKnownFileType = text; path = Secrets.xcconfig.template; sourceTree = "<group>"; };
		35BC2C5A2F2B974400774EBA /* Secrets.xcconfig */ = {isa = PBXFileReference; lastKnownFileType = text.xcconfig; path = Secrets.xcconfig; sourceTree = "<group>"; };
		35BC2C5C2F2B975700774EBA /* README_API_SETUP.md */ = {isa = PBXFileReference; lastKnownFileType = net.daringfireball.markdown; path = README_API_SETUP.md; sourceTree = "<group>"; };
		35BC2C5E2F2B977400774EBA /* SECURITY_SETUP.md */ = {isa = PBXFileReference; lastKnownFileType = net.daringfireball.markdown; path = SECURITY_SETUP.md; sourceTree = "<group>"; };
		35BC2C602F2B978900774EBA /* APIKeys.plist.template */ = {isa = PBXFileReference; lastKnownFileType = text.xml; path = APIKeys.plist.template; sourceTree = "<group>"; };
		35BC2C622F2B97B900774EBA /* QUICKSTART_API.md */ = {isa = PBXFileReference; lastKnownFileType = net.daringfireball.markdown; path = QUICKSTART_API.md; sourceTree = "<group>"; };
		35BC2C642F2B97D100774EBA /* API_SECURITY_SUMMARY.md */ = {isa = PBXFileReference; lastKnownFileType = net.daringfireball.markdown; path = API_SECURITY_SUMMARY.md; sourceTree = "<group>"; };
		35BC2C662F2B97E300774EBA /* setup_api_key.sh */ = {isa = PBXFileReference; lastKnownFileType = text.script.sh; path = setup_api_key.sh; sourceTree = "<group>"; };
		35BC2C782F2C05FD00774EBA /* Products.storekit */ = {isa = PBXFileReference; lastKnownFileType = text; path = Products.storekit; sourceTree = "<group>"; };
		35C60A252F2C099E002C86C0 /* Lume.app */ = {isa = PBXFileReference; explicitFileType = wrapper.application; includeInIndex = 0; path = Lume.app; sourceTree = BUILT_PRODUCTS_DIR; };
		35C60AA52F2E00CB002C86C0 /* UIImage+FixOrientation.swift */ = {isa = PBXFileReference; lastKnownFileType = sourcecode.swift; path = "UIImage+FixOrientation.swift"; sourceTree = "<group>"; };
/* End PBXFileReference section */

/* Begin PBXFileSystemSynchronizedBuildFileExceptionSet section */
		35C60A972F2C0A09002C86C0 /* Exceptions for "Lume" folder in "Lume" target */ = {
			isa = PBXFileSystemSynchronizedBuildFileExceptionSet;
			membershipExceptions = (
				Info.plist,
				TestsScanLimitManagerTests.swift,
				TestsSubscriptionManagerTests.swift,
			);
			target = 35C60A242F2C099E002C86C0 /* Lume */;
		};
		35C60A9F2F2C1EFE002C86C0 /* Exceptions for "Lume" folder in "LumeTests" target */ = {
			isa = PBXFileSystemSynchronizedBuildFileExceptionSet;
			membershipExceptions = (
				ServicesScanLimitManager.swift,
				TestsScanLimitManagerTests.swift,
				TestsSubscriptionManagerTests.swift,
			);
			target = 35BC2BF22F2994B700774EBA /* LumeTests */;
		};
/* End PBXFileSystemSynchronizedBuildFileExceptionSet section */

/* Begin PBXFileSystemSynchronizedRootGroup section */
		35C60A262F2C099E002C86C0 /* Lume */ = {
			isa = PBXFileSystemSynchronizedRootGroup;
			exceptions = (
				35C60A972F2C0A09002C86C0 /* Exceptions for "Lume" folder in "Lume" target */,
				35C60A9F2F2C1EFE002C86C0 /* Exceptions for "Lume" folder in "LumeTests" target */,
			);
			path = Lume;
			sourceTree = "<group>";
		};
		35C60A342F2C09A0002C86C0 /* LumeTests */ = {
			isa = PBXFileSystemSynchronizedRootGroup;
			path = LumeTests;
			sourceTree = "<group>";
		};
		35C60A3E2F2C09A0002C86C0 /* LumeUITests */ = {
			isa = PBXFileSystemSynchronizedRootGroup;
			path = LumeUITests;
			sourceTree = "<group>";
		};
/* End PBXFileSystemSynchronizedRootGroup section */

/* Begin PBXFrameworksBuildPhase section */
		35BC2BF02F2994B700774EBA /* Frameworks */ = {
			isa = PBXFrameworksBuildPhase;
			buildActionMask = 2147483647;
			files = (
			);
			runOnlyForDeploymentPostprocessing = 0;
		};
		35BC2BFA2F2994B700774EBA /* Frameworks */ = {
			isa = PBXFrameworksBuildPhase;
			buildActionMask = 2147483647;
			files = (
			);
			runOnlyForDeploymentPostprocessing = 0;
		};
		35C60A222F2C099E002C86C0 /* Frameworks */ = {
			isa = PBXFrameworksBuildPhase;
			buildActionMask = 2147483647;
			files = (
			);
			runOnlyForDeploymentPostprocessing = 0;
		};
/* End PBXFrameworksBuildPhase section */

/* Begin PBXGroup section */
		35BC2BDD2F2994B600774EBA = {
			isa = PBXGroup;
			children = (
				35BC2C782F2C05FD00774EBA /* Products.storekit */,
				35C60A262F2C099E002C86C0 /* Lume */,
				35C60A342F2C09A0002C86C0 /* LumeTests */,
				35C60A3E2F2C09A0002C86C0 /* LumeUITests */,
				35BC2BE72F2994B600774EBA /* Products */,
				35BC2C542F2B972D00774EBA /* Config.swift */,
				35BC2C562F2B973800774EBA /* .gitignore */,
				35BC2C582F2B974000774EBA /* Secrets.xcconfig.template */,
				35BC2C5A2F2B974400774EBA /* Secrets.xcconfig */,
				35BC2C5C2F2B975700774EBA /* README_API_SETUP.md */,
				35BC2C5E2F2B977400774EBA /* SECURITY_SETUP.md */,
				35BC2C602F2B978900774EBA /* APIKeys.plist.template */,
				35BC2C622F2B97B900774EBA /* QUICKSTART_API.md */,
				35BC2C642F2B97D100774EBA /* API_SECURITY_SUMMARY.md */,
				35BC2C662F2B97E300774EBA /* setup_api_key.sh */,
				35C60AA52F2E00CB002C86C0 /* UIImage+FixOrientation.swift */,
			);
			sourceTree = "<group>";
		};
		35BC2BE72F2994B600774EBA /* Products */ = {
			isa = PBXGroup;
			children = (
				35BC2BF32F2994B700774EBA /* LumeTests.xctest */,
				35BC2BFD2F2994B700774EBA /* LumeUITests.xctest */,
				35C60A252F2C099E002C86C0 /* Lume.app */,
			);
			name = Products;
			sourceTree = "<group>";
		};
/* End PBXGroup section */

/* Begin PBXNativeTarget section */
		35BC2BF22F2994B700774EBA /* LumeTests */ = {
			isa = PBXNativeTarget;
			buildConfigurationList = 35BC2C0A2F2994B700774EBA /* Build configuration list for PBXNativeTarget "LumeTests" */;
			buildPhases = (
				35BC2BEF2F2994B700774EBA /* Sources */,
				35BC2BF02F2994B700774EBA /* Frameworks */,
				35BC2BF12F2994B700774EBA /* Resources */,
			);
			buildRules = (
			);
			dependencies = (
				35C60A9B2F2C0B09002C86C0 /* PBXTargetDependency */,
			);
			name = LumeTests;
			packageProductDependencies = (
			);
			productName = LumeTests;
			productReference = 35BC2BF32F2994B700774EBA /* LumeTests.xctest */;
			productType = "com.apple.product-type.bundle.unit-test";
		};
		35BC2BFC2F2994B700774EBA /* LumeUITests */ = {
			isa = PBXNativeTarget;
			buildConfigurationList = 35BC2C0D2F2994B700774EBA /* Build configuration list for PBXNativeTarget "LumeUITests" */;
			buildPhases = (
				35BC2BF92F2994B700774EBA /* Sources */,
				35BC2BFA2F2994B700774EBA /* Frameworks */,
				35BC2BFB2F2994B700774EBA /* Resources */,
			);
			buildRules = (
			);
			dependencies = (
				35C60A992F2C0B06002C86C0 /* PBXTargetDependency */,
			);
			name = LumeUITests;
			packageProductDependencies = (
			);
			productName = LumeUITests;
			productReference = 35BC2BFD2F2994B700774EBA /* LumeUITests.xctest */;
			productType = "com.apple.product-type.bundle.ui-testing";
		};
		35C60A242F2C099E002C86C0 /* Lume */ = {
			isa = PBXNativeTarget;
			buildConfigurationList = 35C60A492F2C09A0002C86C0 /* Build configuration list for PBXNativeTarget "Lume" */;
			buildPhases = (
				35C60A212F2C099E002C86C0 /* Sources */,
				35C60A222F2C099E002C86C0 /* Frameworks */,
				35C60A232F2C099E002C86C0 /* Resources */,
			);
			buildRules = (
			);
			dependencies = (
			);
			fileSystemSynchronizedGroups = (
				35C60A262F2C099E002C86C0 /* Lume */,
			);
			name = Lume;
			packageProductDependencies = (
			);
			productName = Lume;
			productReference = 35C60A252F2C099E002C86C0 /* Lume.app */;
			productType = "com.apple.product-type.application";
		};
/* End PBXNativeTarget section */

/* Begin PBXProject section */
		35BC2BDE2F2994B600774EBA /* Project object */ = {
			isa = PBXProject;
			attributes = {
				BuildIndependentTargetsInParallel = 1;
				LastSwiftUpdateCheck = 2620;
				LastUpgradeCheck = 2620;
				TargetAttributes = {
					35BC2BF22F2994B700774EBA = {
						CreatedOnToolsVersion = 26.2;
						TestTargetID = 35C60A242F2C099E002C86C0;
					};
					35BC2BFC2F2994B700774EBA = {
						CreatedOnToolsVersion = 26.2;
						TestTargetID = 35C60A242F2C099E002C86C0;
					};
					35C60A242F2C099E002C86C0 = {
						CreatedOnToolsVersion = 26.2;
					};
				};
			};
			buildConfigurationList = 35BC2BE12F2994B600774EBA /* Build configuration list for PBXProject "Lume" */;
			developmentRegion = en;
			hasScannedForEncodings = 0;
			knownRegions = (
				en,
				Base,
			);
			mainGroup = 35BC2BDD2F2994B600774EBA;
			minimizedProjectReferenceProxies = 1;
			preferredProjectObjectVersion = 77;
			productRefGroup = 35BC2BE72F2994B600774EBA /* Products */;
			projectDirPath = "";
			projectRoot = "";
			targets = (
				35C60A242F2C099E002C86C0 /* Lume */,
				35BC2BF22F2994B700774EBA /* LumeTests */,
				35BC2BFC2F2994B700774EBA /* LumeUITests */,
			);
		};
/* End PBXProject section */

/* Begin PBXResourcesBuildPhase section */
		35BC2BF12F2994B700774EBA /* Resources */ = {
			isa = PBXResourcesBuildPhase;
			buildActionMask = 2147483647;
			files = (
			);
			runOnlyForDeploymentPostprocessing = 0;
		};
		35BC2BFB2F2994B700774EBA /* Resources */ = {
			isa = PBXResourcesBuildPhase;
			buildActionMask = 2147483647;
			files = (
			);
			runOnlyForDeploymentPostprocessing = 0;
		};
		35C60A232F2C099E002C86C0 /* Resources */ = {
			isa = PBXResourcesBuildPhase;
			buildActionMask = 2147483647;
			files = (
			);
			runOnlyForDeploymentPostprocessing = 0;
		};
/* End PBXResourcesBuildPhase section */

/* Begin PBXSourcesBuildPhase section */
		35BC2BEF2F2994B700774EBA /* Sources */ = {
			isa = PBXSourcesBuildPhase;
			buildActionMask = 2147483647;
			files = (
				35C60AA22F2C2021002C86C0 /* Config.swift in Sources */,
			);
			runOnlyForDeploymentPostprocessing = 0;
		};
		35BC2BF92F2994B700774EBA /* Sources */ = {
			isa = PBXSourcesBuildPhase;
			buildActionMask = 2147483647;
			files = (
			);
			runOnlyForDeploymentPostprocessing = 0;
		};
		35C60A212F2C099E002C86C0 /* Sources */ = {
			isa = PBXSourcesBuildPhase;
			buildActionMask = 2147483647;
			files = (
				35C60AA42F2CA25B002C86C0 /* Config.swift in Sources */,
			);
			runOnlyForDeploymentPostprocessing = 0;
		};
/* End PBXSourcesBuildPhase section */

/* Begin PBXTargetDependency section */
		35C60A992F2C0B06002C86C0 /* PBXTargetDependency */ = {
			isa = PBXTargetDependency;
			target = 35C60A242F2C099E002C86C0 /* Lume */;
			targetProxy = 35C60A982F2C0B06002C86C0 /* PBXContainerItemProxy */;
		};
		35C60A9B2F2C0B09002C86C0 /* PBXTargetDependency */ = {
			isa = PBXTargetDependency;
			target = 35C60A242F2C099E002C86C0 /* Lume */;
			targetProxy = 35C60A9A2F2C0B09002C86C0 /* PBXContainerItemProxy */;
		};
/* End PBXTargetDependency section */

/* Begin XCBuildConfiguration section */
		35BC2C052F2994B700774EBA /* Debug */ = {
			isa = XCBuildConfiguration;
			buildSettings = {
				ALWAYS_SEARCH_USER_PATHS = NO;
				ASSETCATALOG_COMPILER_GENERATE_SWIFT_ASSET_SYMBOL_EXTENSIONS = YES;
				CLANG_ANALYZER_NONNULL = YES;
				CLANG_ANALYZER_NUMBER_OBJECT_CONVERSION = YES_AGGRESSIVE;
				CLANG_CXX_LANGUAGE_STANDARD = "gnu++20";
				CLANG_ENABLE_MODULES = YES;
				CLANG_ENABLE_OBJC_ARC = YES;
				CLANG_ENABLE_OBJC_WEAK = YES;
				CLANG_WARN_BLOCK_CAPTURE_AUTORELEASING = YES;
				CLANG_WARN_BOOL_CONVERSION = YES;
				CLANG_WARN_COMMA = YES;
				CLANG_WARN_CONSTANT_CONVERSION = YES;
				CLANG_WARN_DEPRECATED_OBJC_IMPLEMENTATIONS = YES;
				CLANG_WARN_DIRECT_OBJC_ISA_USAGE = YES_ERROR;
				CLANG_WARN_DOCUMENTATION_COMMENTS = YES;
				CLANG_WARN_EMPTY_BODY = YES;
				CLANG_WARN_ENUM_CONVERSION = YES;
				CLANG_WARN_INFINITE_RECURSION = YES;
				CLANG_WARN_INT_CONVERSION = YES;
				CLANG_WARN_NON_LITERAL_NULL_CONVERSION = YES;
				CLANG_WARN_OBJC_IMPLICIT_RETAIN_SELF = YES;
				CLANG_WARN_OBJC_LITERAL_CONVERSION = YES;
				CLANG_WARN_OBJC_ROOT_CLASS = YES_ERROR;
				CLANG_WARN_QUOTED_INCLUDE_IN_FRAMEWORK_HEADER = YES;
				CLANG_WARN_RANGE_LOOP_ANALYSIS = YES;
				CLANG_WARN_STRICT_PROTOTYPES = YES;
				CLANG_WARN_SUSPICIOUS_MOVE = YES;
				CLANG_WARN_UNGUARDED_AVAILABILITY = YES_AGGRESSIVE;
				CLANG_WARN_UNREACHABLE_CODE = YES;
				CLANG_WARN__DUPLICATE_METHOD_MATCH = YES;
				COPY_PHASE_STRIP = NO;
				DEBUG_INFORMATION_FORMAT = dwarf;
				DEVELOPMENT_TEAM = N38VM65LJJ;
				ENABLE_STRICT_OBJC_MSGSEND = YES;
				ENABLE_TESTABILITY = YES;
				ENABLE_USER_SCRIPT_SANDBOXING = YES;
				GCC_C_LANGUAGE_STANDARD = gnu17;
				GCC_DYNAMIC_NO_PIC = NO;
				GCC_NO_COMMON_BLOCKS = YES;
				GCC_OPTIMIZATION_LEVEL = 0;
				GCC_PREPROCESSOR_DEFINITIONS = (
					"DEBUG=1",
					"$(inherited)",
				);
				GCC_WARN_64_TO_32_BIT_CONVERSION = YES;
				GCC_WARN_ABOUT_RETURN_TYPE = YES_ERROR;
				GCC_WARN_UNDECLARED_SELECTOR = YES;
				GCC_WARN_UNINITIALIZED_AUTOS = YES_AGGRESSIVE;
				GCC_WARN_UNUSED_FUNCTION = YES;
				GCC_WARN_UNUSED_VARIABLE = YES;
				IPHONEOS_DEPLOYMENT_TARGET = 26.2;
				LOCALIZATION_PREFERS_STRING_CATALOGS = YES;
				MTL_ENABLE_DEBUG_INFO = INCLUDE_SOURCE;
				MTL_FAST_MATH = YES;
				ONLY_ACTIVE_ARCH = YES;
				SDKROOT = iphoneos;
				SWIFT_ACTIVE_COMPILATION_CONDITIONS = "DEBUG $(inherited)";
				SWIFT_OPTIMIZATION_LEVEL = "-Onone";
			};
			name = Debug;
		};
		35BC2C062F2994B700774EBA /* Release */ = {
			isa = XCBuildConfiguration;
			buildSettings = {
				ALWAYS_SEARCH_USER_PATHS = NO;
				ASSETCATALOG_COMPILER_GENERATE_SWIFT_ASSET_SYMBOL_EXTENSIONS = YES;
				CLANG_ANALYZER_NONNULL = YES;
				CLANG_ANALYZER_NUMBER_OBJECT_CONVERSION = YES_AGGRESSIVE;
				CLANG_CXX_LANGUAGE_STANDARD = "gnu++20";
				CLANG_ENABLE_MODULES = YES;
				CLANG_ENABLE_OBJC_ARC = YES;
				CLANG_ENABLE_OBJC_WEAK = YES;
				CLANG_WARN_BLOCK_CAPTURE_AUTORELEASING = YES;
				CLANG_WARN_BOOL_CONVERSION = YES;
				CLANG_WARN_COMMA = YES;
				CLANG_WARN_CONSTANT_CONVERSION = YES;
				CLANG_WARN_DEPRECATED_OBJC_IMPLEMENTATIONS = YES;
				CLANG_WARN_DIRECT_OBJC_ISA_USAGE = YES_ERROR;
				CLANG_WARN_DOCUMENTATION_COMMENTS = YES;
				CLANG_WARN_EMPTY_BODY = YES;
				CLANG_WARN_ENUM_CONVERSION = YES;
				CLANG_WARN_INFINITE_RECURSION = YES;
				CLANG_WARN_INT_CONVERSION = YES;
				CLANG_WARN_NON_LITERAL_NULL_CONVERSION = YES;
				CLANG_WARN_OBJC_IMPLICIT_RETAIN_SELF = YES;
				CLANG_WARN_OBJC_LITERAL_CONVERSION = YES;
				CLANG_WARN_OBJC_ROOT_CLASS = YES_ERROR;
				CLANG_WARN_QUOTED_INCLUDE_IN_FRAMEWORK_HEADER = YES;
				CLANG_WARN_RANGE_LOOP_ANALYSIS = YES;
				CLANG_WARN_STRICT_PROTOTYPES = YES;
				CLANG_WARN_SUSPICIOUS_MOVE = YES;
				CLANG_WARN_UNGUARDED_AVAILABILITY = YES_AGGRESSIVE;
				CLANG_WARN_UNREACHABLE_CODE = YES;
				CLANG_WARN__DUPLICATE_METHOD_MATCH = YES;
				COPY_PHASE_STRIP = NO;
				DEBUG_INFORMATION_FORMAT = "dwarf-with-dsym";
				DEVELOPMENT_TEAM = N38VM65LJJ;
				ENABLE_NS_ASSERTIONS = NO;
				ENABLE_STRICT_OBJC_MSGSEND = YES;
				ENABLE_USER_SCRIPT_SANDBOXING = YES;
				GCC_C_LANGUAGE_STANDARD = gnu17;
				GCC_NO_COMMON_BLOCKS = YES;
				GCC_WARN_64_TO_32_BIT_CONVERSION = YES;
				GCC_WARN_ABOUT_RETURN_TYPE = YES_ERROR;
				GCC_WARN_UNDECLARED_SELECTOR = YES;
				GCC_WARN_UNINITIALIZED_AUTOS = YES_AGGRESSIVE;
				GCC_WARN_UNUSED_FUNCTION = YES;
				GCC_WARN_UNUSED_VARIABLE = YES;
				IPHONEOS_DEPLOYMENT_TARGET = 26.2;
				LOCALIZATION_PREFERS_STRING_CATALOGS = YES;
				MTL_ENABLE_DEBUG_INFO = NO;
				MTL_FAST_MATH = YES;
				SDKROOT = iphoneos;
				SWIFT_COMPILATION_MODE = wholemodule;
				VALIDATE_PRODUCT = YES;
			};
			name = Release;
		};
		35BC2C0B2F2994B700774EBA /* Debug */ = {
			isa = XCBuildConfiguration;
			buildSettings = {
				BUNDLE_LOADER = "$(TEST_HOST)";
				CODE_SIGN_STYLE = Automatic;
				CURRENT_PROJECT_VERSION = 1;
				DEVELOPMENT_TEAM = N38VM65LJJ;
				GENERATE_INFOPLIST_FILE = YES;
				IPHONEOS_DEPLOYMENT_TARGET = 26.2;
				MARKETING_VERSION = 1.0;
				PRODUCT_BUNDLE_IDENTIFIER = txh.LumeTests;
				PRODUCT_NAME = "$(TARGET_NAME)";
				STRING_CATALOG_GENERATE_SYMBOLS = NO;
				SWIFT_APPROACHABLE_CONCURRENCY = YES;
				SWIFT_EMIT_LOC_STRINGS = NO;
				SWIFT_UPCOMING_FEATURE_MEMBER_IMPORT_VISIBILITY = YES;
				SWIFT_VERSION = 5.0;
				TARGETED_DEVICE_FAMILY = "1,2";
				TEST_HOST = "$(BUILT_PRODUCTS_DIR)/Lume.app/$(BUNDLE_EXECUTABLE_FOLDER_PATH)/Lume";
			};
			name = Debug;
		};
		35BC2C0C2F2994B700774EBA /* Release */ = {
			isa = XCBuildConfiguration;
			buildSettings = {
				BUNDLE_LOADER = "$(TEST_HOST)";
				CODE_SIGN_STYLE = Automatic;
				CURRENT_PROJECT_VERSION = 1;
				DEVELOPMENT_TEAM = N38VM65LJJ;
				GENERATE_INFOPLIST_FILE = YES;
				IPHONEOS_DEPLOYMENT_TARGET = 26.2;
				MARKETING_VERSION = 1.0;
				PRODUCT_BUNDLE_IDENTIFIER = txh.LumeTests;
				PRODUCT_NAME = "$(TARGET_NAME)";
				STRING_CATALOG_GENERATE_SYMBOLS = NO;
				SWIFT_APPROACHABLE_CONCURRENCY = YES;
				SWIFT_EMIT_LOC_STRINGS = NO;
				SWIFT_UPCOMING_FEATURE_MEMBER_IMPORT_VISIBILITY = YES;
				SWIFT_VERSION = 5.0;
				TARGETED_DEVICE_FAMILY = "1,2";
				TEST_HOST = "$(BUILT_PRODUCTS_DIR)/Lume.app/$(BUNDLE_EXECUTABLE_FOLDER_PATH)/Lume";
			};
			name = Release;
		};
		35BC2C0E2F2994B700774EBA /* Debug */ = {
			isa = XCBuildConfiguration;
			buildSettings = {
				CODE_SIGN_STYLE = Automatic;
				CURRENT_PROJECT_VERSION = 1;
				DEVELOPMENT_TEAM = N38VM65LJJ;
				GENERATE_INFOPLIST_FILE = YES;
				MARKETING_VERSION = 1.0;
				PRODUCT_BUNDLE_IDENTIFIER = txh.LumeUITests;
				PRODUCT_NAME = "$(TARGET_NAME)";
				STRING_CATALOG_GENERATE_SYMBOLS = NO;
				SWIFT_APPROACHABLE_CONCURRENCY = YES;
				SWIFT_EMIT_LOC_STRINGS = NO;
				SWIFT_UPCOMING_FEATURE_MEMBER_IMPORT_VISIBILITY = YES;
				SWIFT_VERSION = 5.0;
				TARGETED_DEVICE_FAMILY = "1,2";
				TEST_TARGET_NAME = Lume;
			};
			name = Debug;
		};
		35BC2C0F2F2994B700774EBA /* Release */ = {
			isa = XCBuildConfiguration;
			buildSettings = {
				CODE_SIGN_STYLE = Automatic;
				CURRENT_PROJECT_VERSION = 1;
				DEVELOPMENT_TEAM = N38VM65LJJ;
				GENERATE_INFOPLIST_FILE = YES;
				MARKETING_VERSION = 1.0;
				PRODUCT_BUNDLE_IDENTIFIER = txh.LumeUITests;
				PRODUCT_NAME = "$(TARGET_NAME)";
				STRING_CATALOG_GENERATE_SYMBOLS = NO;
				SWIFT_APPROACHABLE_CONCURRENCY = YES;
				SWIFT_EMIT_LOC_STRINGS = NO;
				SWIFT_UPCOMING_FEATURE_MEMBER_IMPORT_VISIBILITY = YES;
				SWIFT_VERSION = 5.0;
				TARGETED_DEVICE_FAMILY = "1,2";
				TEST_TARGET_NAME = Lume;
			};
			name = Release;
		};
		35C60A432F2C09A0002C86C0 /* Debug */ = {
			isa = XCBuildConfiguration;
			buildSettings = {
				ASSETCATALOG_COMPILER_APPICON_NAME = AppIcon;
				ASSETCATALOG_COMPILER_GLOBAL_ACCENT_COLOR_NAME = AccentColor;
				CODE_SIGN_STYLE = Automatic;
				CURRENT_PROJECT_VERSION = 1;
				DEVELOPMENT_TEAM = N38VM65LJJ;
				ENABLE_PREVIEWS = YES;
				GENERATE_INFOPLIST_FILE = YES;
				INFOPLIST_KEY_NSCameraUsageDescription = "This app needs camera access to scan and identify artworks.";
				INFOPLIST_KEY_NSPhotoLibraryUsageDescription = "This app needs photo library access to save scanned artworks.";
				INFOPLIST_KEY_UIApplicationSceneManifest_Generation = YES;
				INFOPLIST_KEY_UIApplicationSupportsIndirectInputEvents = YES;
				INFOPLIST_KEY_UILaunchScreen_Generation = YES;
				INFOPLIST_KEY_UISupportedInterfaceOrientations_iPad = "UIInterfaceOrientationPortrait UIInterfaceOrientationPortraitUpsideDown UIInterfaceOrientationLandscapeLeft UIInterfaceOrientationLandscapeRight";
				INFOPLIST_KEY_UISupportedInterfaceOrientations_iPhone = "UIInterfaceOrientationPortrait UIInterfaceOrientationLandscapeLeft UIInterfaceOrientationLandscapeRight";
				LD_RUNPATH_SEARCH_PATHS = (
					"$(inherited)",
					"@executable_path/Frameworks",
				);
				MARKETING_VERSION = 1.0;
				PRODUCT_BUNDLE_IDENTIFIER = txh.Lume;
				PRODUCT_NAME = "$(TARGET_NAME)";
				STRING_CATALOG_GENERATE_SYMBOLS = YES;
				SWIFT_APPROACHABLE_CONCURRENCY = YES;
				SWIFT_DEFAULT_ACTOR_ISOLATION = MainActor;
				SWIFT_EMIT_LOC_STRINGS = YES;
				SWIFT_UPCOMING_FEATURE_MEMBER_IMPORT_VISIBILITY = YES;
				SWIFT_VERSION = 5.0;
				TARGETED_DEVICE_FAMILY = "1,2";
			};
			name = Debug;
		};
		35C60A442F2C09A0002C86C0 /* Release */ = {
			isa = XCBuildConfiguration;
			buildSettings = {
				ASSETCATALOG_COMPILER_APPICON_NAME = AppIcon;
				ASSETCATALOG_COMPILER_GLOBAL_ACCENT_COLOR_NAME = AccentColor;
				CODE_SIGN_STYLE = Automatic;
				CURRENT_PROJECT_VERSION = 1;
				DEVELOPMENT_TEAM = N38VM65LJJ;
				ENABLE_PREVIEWS = YES;
				GENERATE_INFOPLIST_FILE = YES;
				INFOPLIST_KEY_NSCameraUsageDescription = "This app needs camera access to scan and identify artworks.";
				INFOPLIST_KEY_NSPhotoLibraryUsageDescription = "This app needs photo library access to save scanned artworks.";
				INFOPLIST_KEY_UIApplicationSceneManifest_Generation = YES;
				INFOPLIST_KEY_UIApplicationSupportsIndirectInputEvents = YES;
				INFOPLIST_KEY_UILaunchScreen_Generation = YES;
				INFOPLIST_KEY_UISupportedInterfaceOrientations_iPad = "UIInterfaceOrientationPortrait UIInterfaceOrientationPortraitUpsideDown UIInterfaceOrientationLandscapeLeft UIInterfaceOrientationLandscapeRight";
				INFOPLIST_KEY_UISupportedInterfaceOrientations_iPhone = "UIInterfaceOrientationPortrait UIInterfaceOrientationLandscapeLeft UIInterfaceOrientationLandscapeRight";
				LD_RUNPATH_SEARCH_PATHS = (
					"$(inherited)",
					"@executable_path/Frameworks",
				);
				MARKETING_VERSION = 1.0;
				PRODUCT_BUNDLE_IDENTIFIER = txh.Lume;
				PRODUCT_NAME = "$(TARGET_NAME)";
				STRING_CATALOG_GENERATE_SYMBOLS = YES;
				SWIFT_APPROACHABLE_CONCURRENCY = YES;
				SWIFT_DEFAULT_ACTOR_ISOLATION = MainActor;
				SWIFT_EMIT_LOC_STRINGS = YES;
				SWIFT_UPCOMING_FEATURE_MEMBER_IMPORT_VISIBILITY = YES;
				SWIFT_VERSION = 5.0;
				TARGETED_DEVICE_FAMILY = "1,2";
			};
			name = Release;
		};
/* End XCBuildConfiguration section */

/* Begin XCConfigurationList section */
		35BC2BE12F2994B600774EBA /* Build configuration list for PBXProject "Lume" */ = {
			isa = XCConfigurationList;
			buildConfigurations = (
				35BC2C052F2994B700774EBA /* Debug */,
				35BC2C062F2994B700774EBA /* Release */,
			);
			defaultConfigurationIsVisible = 0;
			defaultConfigurationName = Release;
		};
		35BC2C0A2F2994B700774EBA /* Build configuration list for PBXNativeTarget "LumeTests" */ = {
			isa = XCConfigurationList;
			buildConfigurations = (
				35BC2C0B2F2994B700774EBA /* Debug */,
				35BC2C0C2F2994B700774EBA /* Release */,
			);
			defaultConfigurationIsVisible = 0;
			defaultConfigurationName = Release;
		};
		35BC2C0D2F2994B700774EBA /* Build configuration list for PBXNativeTarget "LumeUITests" */ = {
			isa = XCConfigurationList;
			buildConfigurations = (
				35BC2C0E2F2994B700774EBA /* Debug */,
				35BC2C0F2F2994B700774EBA /* Release */,
			);
			defaultConfigurationIsVisible = 0;
			defaultConfigurationName = Release;
		};
		35C60A492F2C09A0002C86C0 /* Build configuration list for PBXNativeTarget "Lume" */ = {
			isa = XCConfigurationList;
			buildConfigurations = (
				35C60A432F2C09A0002C86C0 /* Debug */,
				35C60A442F2C09A0002C86C0 /* Release */,
			);
			defaultConfigurationIsVisible = 0;
			defaultConfigurationName = Release;
		};
/* End XCConfigurationList section */
	};
	rootObject = 35BC2BDE2F2994B600774EBA /* Project object */;
}
